// !$*UTF8*$!
{
	archiveVersion = 1;
	classes = {
	};
	objectVersion = 56;
	objects = {

/* Begin PBXBuildFile section */
		5F1A2780293FA9B800A18CA0 /* ApolloNetworkHelper.swift in Sources */ = {isa = PBXBuildFile; fileRef = 5F1A277F293FA9B800A18CA0 /* ApolloNetworkHelper.swift */; };
		5F1A2782293FB3E500A18CA0 /* PokemonViewModel.swift in Sources */ = {isa = PBXBuildFile; fileRef = 5F1A2781293FB3E500A18CA0 /* PokemonViewModel.swift */; };
		5F1A278A293FC07100A18CA0 /* PokemonAPIModel.swift in Sources */ = {isa = PBXBuildFile; fileRef = 5F1A2789293FC07100A18CA0 /* PokemonAPIModel.swift */; };
		5F417A702942EE2200E7E211 /* GenerationDetailsAPIModel.swift in Sources */ = {isa = PBXBuildFile; fileRef = 5F417A6F2942EE2100E7E211 /* GenerationDetailsAPIModel.swift */; };
		5F456F7D2948347B0038D180 /* PokemonEvolutionCell.swift in Sources */ = {isa = PBXBuildFile; fileRef = 5F456F7B2948347B0038D180 /* PokemonEvolutionCell.swift */; };
		5F456F7E2948347B0038D180 /* PokemonEvolutionCell.xib in Resources */ = {isa = PBXBuildFile; fileRef = 5F456F7C2948347B0038D180 /* PokemonEvolutionCell.xib */; };
		5F4DFC6E2941411700873D07 /* StoredPokemonRepository.swift in Sources */ = {isa = PBXBuildFile; fileRef = 5F4DFC6D2941411700873D07 /* StoredPokemonRepository.swift */; };
		5F4DFC78294165DA00873D07 /* PokemonCell.swift in Sources */ = {isa = PBXBuildFile; fileRef = 5F4DFC76294165DA00873D07 /* PokemonCell.swift */; };
		5F4DFC79294165DA00873D07 /* PokemonCell.xib in Resources */ = {isa = PBXBuildFile; fileRef = 5F4DFC77294165DA00873D07 /* PokemonCell.xib */; };
		5F4DFC7D29416A4C00873D07 /* PokeAPIService.swift in Sources */ = {isa = PBXBuildFile; fileRef = 5F4DFC7C29416A4C00873D07 /* PokeAPIService.swift */; };
		5F4DFC8029416BD200873D07 /* PokemonTypeGenerationAPIModel.swift in Sources */ = {isa = PBXBuildFile; fileRef = 5F4DFC7F29416BD200873D07 /* PokemonTypeGenerationAPIModel.swift */; };
		5F6330792943A1D700C3269A /* DataStatus.swift in Sources */ = {isa = PBXBuildFile; fileRef = 5F6330782943A1D700C3269A /* DataStatus.swift */; };
		5F63307B2943A58600C3269A /* NetworkError.swift in Sources */ = {isa = PBXBuildFile; fileRef = 5F63307A2943A58600C3269A /* NetworkError.swift */; };
		5F6330852944573800C3269A /* GenHeaderView.swift in Sources */ = {isa = PBXBuildFile; fileRef = 5F6330842944573800C3269A /* GenHeaderView.swift */; };
		5F6330872944574800C3269A /* GenHeaderView.xib in Resources */ = {isa = PBXBuildFile; fileRef = 5F6330862944574800C3269A /* GenHeaderView.xib */; };
		5F6373D62941A10E0062E6B0 /* LoadingDataCell.swift in Sources */ = {isa = PBXBuildFile; fileRef = 5F6373D42941A10E0062E6B0 /* LoadingDataCell.swift */; };
		5F6373D72941A10E0062E6B0 /* LoadingDataCell.xib in Resources */ = {isa = PBXBuildFile; fileRef = 5F6373D52941A10E0062E6B0 /* LoadingDataCell.xib */; };
		5F6C874E2948C7FA0077F832 /* SwiftyGif in Frameworks */ = {isa = PBXBuildFile; productRef = 5F6C874D2948C7FA0077F832 /* SwiftyGif */; };
		5F6C87522948F5F80077F832 /* SwiftyGif-Dynamic in Embed Frameworks */ = {isa = PBXBuildFile; productRef = 5F6C87502948F5F80077F832 /* SwiftyGif-Dynamic */; settings = {ATTRIBUTES = (CodeSignOnCopy, ); }; };
		5F6F47A329400822007874FA /* PokemonAPI in Resources */ = {isa = PBXBuildFile; fileRef = 5F6F47A229400822007874FA /* PokemonAPI */; };
		5F6F47A5294037D1007874FA /* PokemonAPI in Frameworks */ = {isa = PBXBuildFile; productRef = 5F6F47A4294037D1007874FA /* PokemonAPI */; };
		5F6F47A829403881007874FA /* EvolutionAPIModel.swift in Sources */ = {isa = PBXBuildFile; fileRef = 5F6F47A729403881007874FA /* EvolutionAPIModel.swift */; };
		5F6F47AA294038E7007874FA /* PokemonInfoAPIModel.swift in Sources */ = {isa = PBXBuildFile; fileRef = 5F6F47A9294038E7007874FA /* PokemonInfoAPIModel.swift */; };
		5F6F47AE29404092007874FA /* StoredPokemon.xcdatamodeld in Sources */ = {isa = PBXBuildFile; fileRef = 5F6F47AC29404092007874FA /* StoredPokemon.xcdatamodeld */; };
		5F7E4598293BEFBF006D6501 /* AppDelegate.swift in Sources */ = {isa = PBXBuildFile; fileRef = 5F7E4597293BEFBF006D6501 /* AppDelegate.swift */; };
		5F7E459A293BEFBF006D6501 /* SceneDelegate.swift in Sources */ = {isa = PBXBuildFile; fileRef = 5F7E4599293BEFBF006D6501 /* SceneDelegate.swift */; };
		5F7E459C293BEFBF006D6501 /* PokemonSearchVC.swift in Sources */ = {isa = PBXBuildFile; fileRef = 5F7E459B293BEFBF006D6501 /* PokemonSearchVC.swift */; };
		5F7E459F293BEFBF006D6501 /* Main.storyboard in Resources */ = {isa = PBXBuildFile; fileRef = 5F7E459D293BEFBF006D6501 /* Main.storyboard */; };
		5F7E45A1293BEFC0006D6501 /* Assets.xcassets in Resources */ = {isa = PBXBuildFile; fileRef = 5F7E45A0293BEFC0006D6501 /* Assets.xcassets */; };
		5F7E45A4293BEFC0006D6501 /* LaunchScreen.storyboard in Resources */ = {isa = PBXBuildFile; fileRef = 5F7E45A2293BEFC0006D6501 /* LaunchScreen.storyboard */; };
		5FA486AE294842AE00A191B2 /* Color.xcassets in Resources */ = {isa = PBXBuildFile; fileRef = 5FA486AD294842AE00A191B2 /* Color.xcassets */; };
		5FA486B0294844C100A191B2 /* PokemonColor.swift in Sources */ = {isa = PBXBuildFile; fileRef = 5FA486AF294844C100A191B2 /* PokemonColor.swift */; };
		5FB6ED5329453B3B00211D95 /* SwiftyGif-Dynamic in Embed Frameworks */ = {isa = PBXBuildFile; productRef = 5FB6ED5029453B3B00211D95 /* SwiftyGif-Dynamic */; settings = {ATTRIBUTES = (CodeSignOnCopy, ); }; };
		5FB6ED562945429E00211D95 /* Reachability in Frameworks */ = {isa = PBXBuildFile; productRef = 5FB6ED552945429E00211D95 /* Reachability */; };
		5FB6ED592945512B00211D95 /* Toast in Frameworks */ = {isa = PBXBuildFile; productRef = 5FB6ED582945512B00211D95 /* Toast */; };
		5FB6ED5B2945518E00211D95 /* UIViewControllerExtensions.swift in Sources */ = {isa = PBXBuildFile; fileRef = 5FB6ED5A2945518E00211D95 /* UIViewControllerExtensions.swift */; };
		5FB6ED5D2945587E00211D95 /* NetworkManager.swift in Sources */ = {isa = PBXBuildFile; fileRef = 5FB6ED5C2945587E00211D95 /* NetworkManager.swift */; };
		5FB8FBC52947B54900CAA2F5 /* PokemonDetailsVC.swift in Sources */ = {isa = PBXBuildFile; fileRef = 5FB8FBC42947B54900CAA2F5 /* PokemonDetailsVC.swift */; };
		5FB8FBC72947B6C100CAA2F5 /* MainStoryboardInstance.swift in Sources */ = {isa = PBXBuildFile; fileRef = 5FB8FBC62947B6C100CAA2F5 /* MainStoryboardInstance.swift */; };
		5FDD8F7E293E974200FDD18A /* Apollo in Frameworks */ = {isa = PBXBuildFile; productRef = 5FDD8F7D293E974200FDD18A /* Apollo */; };
		5FDD8F80293E974200FDD18A /* ApolloAPI in Frameworks */ = {isa = PBXBuildFile; productRef = 5FDD8F7F293E974200FDD18A /* ApolloAPI */; };
		5FF21503293F17CD003DF11E /* schema.graphqls in Resources */ = {isa = PBXBuildFile; fileRef = 5FF21502293F17CD003DF11E /* schema.graphqls */; };
		5FF21505293F182D003DF11E /* GetAllPokemon.graphql in Resources */ = {isa = PBXBuildFile; fileRef = 5FF21504293F182D003DF11E /* GetAllPokemon.graphql */; };
/* End PBXBuildFile section */

/* Begin PBXCopyFilesBuildPhase section */
		5FB6ED5229453B3B00211D95 /* Embed Frameworks */ = {
			isa = PBXCopyFilesBuildPhase;
			buildActionMask = 2147483647;
			dstPath = "";
			dstSubfolderSpec = 10;
			files = (
				5FB6ED5329453B3B00211D95 /* SwiftyGif-Dynamic in Embed Frameworks */,
				5F6C87522948F5F80077F832 /* SwiftyGif-Dynamic in Embed Frameworks */,
			);
			name = "Embed Frameworks";
			runOnlyForDeploymentPostprocessing = 0;
		};
/* End PBXCopyFilesBuildPhase section */

/* Begin PBXFileReference section */
		5F1A277F293FA9B800A18CA0 /* ApolloNetworkHelper.swift */ = {isa = PBXFileReference; lastKnownFileType = sourcecode.swift; path = ApolloNetworkHelper.swift; sourceTree = "<group>"; };
		5F1A2781293FB3E500A18CA0 /* PokemonViewModel.swift */ = {isa = PBXFileReference; indentWidth = 3; lastKnownFileType = sourcecode.swift; path = PokemonViewModel.swift; sourceTree = "<group>"; };
		5F1A2789293FC07100A18CA0 /* PokemonAPIModel.swift */ = {isa = PBXFileReference; lastKnownFileType = sourcecode.swift; path = PokemonAPIModel.swift; sourceTree = "<group>"; };
		5F417A6F2942EE2100E7E211 /* GenerationDetailsAPIModel.swift */ = {isa = PBXFileReference; lastKnownFileType = sourcecode.swift; path = GenerationDetailsAPIModel.swift; sourceTree = "<group>"; };
		5F456F7B2948347B0038D180 /* PokemonEvolutionCell.swift */ = {isa = PBXFileReference; lastKnownFileType = sourcecode.swift; path = PokemonEvolutionCell.swift; sourceTree = "<group>"; };
		5F456F7C2948347B0038D180 /* PokemonEvolutionCell.xib */ = {isa = PBXFileReference; lastKnownFileType = file.xib; path = PokemonEvolutionCell.xib; sourceTree = "<group>"; };
		5F4DFC6D2941411700873D07 /* StoredPokemonRepository.swift */ = {isa = PBXFileReference; lastKnownFileType = sourcecode.swift; path = StoredPokemonRepository.swift; sourceTree = "<group>"; };
		5F4DFC76294165DA00873D07 /* PokemonCell.swift */ = {isa = PBXFileReference; lastKnownFileType = sourcecode.swift; path = PokemonCell.swift; sourceTree = "<group>"; };
		5F4DFC77294165DA00873D07 /* PokemonCell.xib */ = {isa = PBXFileReference; lastKnownFileType = file.xib; path = PokemonCell.xib; sourceTree = "<group>"; };
		5F4DFC7C29416A4C00873D07 /* PokeAPIService.swift */ = {isa = PBXFileReference; lastKnownFileType = sourcecode.swift; path = PokeAPIService.swift; sourceTree = "<group>"; };
		5F4DFC7F29416BD200873D07 /* PokemonTypeGenerationAPIModel.swift */ = {isa = PBXFileReference; lastKnownFileType = sourcecode.swift; path = PokemonTypeGenerationAPIModel.swift; sourceTree = "<group>"; };
		5F6330782943A1D700C3269A /* DataStatus.swift */ = {isa = PBXFileReference; lastKnownFileType = sourcecode.swift; path = DataStatus.swift; sourceTree = "<group>"; };
		5F63307A2943A58600C3269A /* NetworkError.swift */ = {isa = PBXFileReference; lastKnownFileType = sourcecode.swift; path = NetworkError.swift; sourceTree = "<group>"; };
		5F6330842944573800C3269A /* GenHeaderView.swift */ = {isa = PBXFileReference; lastKnownFileType = sourcecode.swift; path = GenHeaderView.swift; sourceTree = "<group>"; };
		5F6330862944574800C3269A /* GenHeaderView.xib */ = {isa = PBXFileReference; lastKnownFileType = file.xib; path = GenHeaderView.xib; sourceTree = "<group>"; };
		5F6373D42941A10E0062E6B0 /* LoadingDataCell.swift */ = {isa = PBXFileReference; lastKnownFileType = sourcecode.swift; path = LoadingDataCell.swift; sourceTree = "<group>"; };
		5F6373D52941A10E0062E6B0 /* LoadingDataCell.xib */ = {isa = PBXFileReference; lastKnownFileType = file.xib; path = LoadingDataCell.xib; sourceTree = "<group>"; };
		5F6F47A229400822007874FA /* PokemonAPI */ = {isa = PBXFileReference; lastKnownFileType = wrapper; path = PokemonAPI; sourceTree = "<group>"; };
		5F6F47A729403881007874FA /* EvolutionAPIModel.swift */ = {isa = PBXFileReference; lastKnownFileType = sourcecode.swift; path = EvolutionAPIModel.swift; sourceTree = "<group>"; };
		5F6F47A9294038E7007874FA /* PokemonInfoAPIModel.swift */ = {isa = PBXFileReference; lastKnownFileType = sourcecode.swift; path = PokemonInfoAPIModel.swift; sourceTree = "<group>"; };
		5F6F47AD29404092007874FA /* StoredPokemon.xcdatamodel */ = {isa = PBXFileReference; lastKnownFileType = wrapper.xcdatamodel; path = StoredPokemon.xcdatamodel; sourceTree = "<group>"; };
		5F7E4594293BEFBF006D6501 /* PokeApp.app */ = {isa = PBXFileReference; explicitFileType = wrapper.application; includeInIndex = 0; path = PokeApp.app; sourceTree = BUILT_PRODUCTS_DIR; };
		5F7E4597293BEFBF006D6501 /* AppDelegate.swift */ = {isa = PBXFileReference; lastKnownFileType = sourcecode.swift; path = AppDelegate.swift; sourceTree = "<group>"; };
		5F7E4599293BEFBF006D6501 /* SceneDelegate.swift */ = {isa = PBXFileReference; lastKnownFileType = sourcecode.swift; path = SceneDelegate.swift; sourceTree = "<group>"; };
		5F7E459B293BEFBF006D6501 /* PokemonSearchVC.swift */ = {isa = PBXFileReference; lastKnownFileType = sourcecode.swift; path = PokemonSearchVC.swift; sourceTree = "<group>"; };
		5F7E459E293BEFBF006D6501 /* Base */ = {isa = PBXFileReference; lastKnownFileType = file.storyboard; name = Base; path = Base.lproj/Main.storyboard; sourceTree = "<group>"; };
		5F7E45A0293BEFC0006D6501 /* Assets.xcassets */ = {isa = PBXFileReference; lastKnownFileType = folder.assetcatalog; path = Assets.xcassets; sourceTree = "<group>"; };
		5F7E45A3293BEFC0006D6501 /* Base */ = {isa = PBXFileReference; lastKnownFileType = file.storyboard; name = Base; path = Base.lproj/LaunchScreen.storyboard; sourceTree = "<group>"; };
		5F7E45A5293BEFC0006D6501 /* Info.plist */ = {isa = PBXFileReference; lastKnownFileType = text.plist.xml; path = Info.plist; sourceTree = "<group>"; };
		5FA486AD294842AE00A191B2 /* Color.xcassets */ = {isa = PBXFileReference; lastKnownFileType = folder.assetcatalog; path = Color.xcassets; sourceTree = "<group>"; };
		5FA486AF294844C100A191B2 /* PokemonColor.swift */ = {isa = PBXFileReference; lastKnownFileType = sourcecode.swift; path = PokemonColor.swift; sourceTree = "<group>"; };
		5FB6ED5A2945518E00211D95 /* UIViewControllerExtensions.swift */ = {isa = PBXFileReference; lastKnownFileType = sourcecode.swift; path = UIViewControllerExtensions.swift; sourceTree = "<group>"; };
		5FB6ED5C2945587E00211D95 /* NetworkManager.swift */ = {isa = PBXFileReference; lastKnownFileType = sourcecode.swift; path = NetworkManager.swift; sourceTree = "<group>"; };
		5FB8FBC42947B54900CAA2F5 /* PokemonDetailsVC.swift */ = {isa = PBXFileReference; lastKnownFileType = sourcecode.swift; path = PokemonDetailsVC.swift; sourceTree = "<group>"; };
		5FB8FBC62947B6C100CAA2F5 /* MainStoryboardInstance.swift */ = {isa = PBXFileReference; lastKnownFileType = sourcecode.swift; path = MainStoryboardInstance.swift; sourceTree = "<group>"; };
		5FF21502293F17CD003DF11E /* schema.graphqls */ = {isa = PBXFileReference; fileEncoding = 4; lastKnownFileType = text; path = schema.graphqls; sourceTree = "<group>"; };
		5FF21504293F182D003DF11E /* GetAllPokemon.graphql */ = {isa = PBXFileReference; fileEncoding = 4; lastKnownFileType = text; path = GetAllPokemon.graphql; sourceTree = "<group>"; };
/* End PBXFileReference section */

/* Begin PBXFrameworksBuildPhase section */
		5F7E4591293BEFBF006D6501 /* Frameworks */ = {
			isa = PBXFrameworksBuildPhase;
			buildActionMask = 2147483647;
			files = (
				5FB6ED592945512B00211D95 /* Toast in Frameworks */,
				5F6F47A5294037D1007874FA /* PokemonAPI in Frameworks */,
				5FB6ED562945429E00211D95 /* Reachability in Frameworks */,
				5FDD8F80293E974200FDD18A /* ApolloAPI in Frameworks */,
				5FDD8F7E293E974200FDD18A /* Apollo in Frameworks */,
				5F6C874E2948C7FA0077F832 /* SwiftyGif in Frameworks */,
			);
			runOnlyForDeploymentPostprocessing = 0;
		};
/* End PBXFrameworksBuildPhase section */

/* Begin PBXGroup section */
		5F1A2785293FBC7500A18CA0 /* Frameworks */ = {
			isa = PBXGroup;
			children = (
			);
			name = Frameworks;
			sourceTree = "<group>";
		};
		5F1A2788293FBFED00A18CA0 /* App */ = {
			isa = PBXGroup;
			children = (
				5F4DFC732941626200873D07 /* UI */,
				5F6F47A629403859007874FA /* Data Structures */,
				5F6F47AB29404043007874FA /* Local Storage */,
				5F1A2781293FB3E500A18CA0 /* PokemonViewModel.swift */,
			);
			name = App;
			sourceTree = "<group>";
		};
		5F4DFC732941626200873D07 /* UI */ = {
			isa = PBXGroup;
			children = (
				5FB6ED4729450BD100211D95 /* Utilities */,
				5F4DFC75294165A800873D07 /* Cells */,
				5F7E459B293BEFBF006D6501 /* PokemonSearchVC.swift */,
				5F7E459D293BEFBF006D6501 /* Main.storyboard */,
				5FB8FBC42947B54900CAA2F5 /* PokemonDetailsVC.swift */,
			);
			name = UI;
			sourceTree = "<group>";
		};
		5F4DFC75294165A800873D07 /* Cells */ = {
			isa = PBXGroup;
			children = (
				5F6373D92941A18B0062E6B0 /* Code */,
				5F6373D82941A17E0062E6B0 /* Xibs */,
			);
			name = Cells;
			sourceTree = "<group>";
		};
		5F4DFC7A29416A2500873D07 /* Services */ = {
			isa = PBXGroup;
			children = (
				5F4DFC7B29416A3300873D07 /* REST */,
				5FF2150B293F238A003DF11E /* GraphQL */,
			);
			name = Services;
			sourceTree = "<group>";
		};
		5F4DFC7B29416A3300873D07 /* REST */ = {
			isa = PBXGroup;
			children = (
				5F4DFC7E29416BB800873D07 /* Data Structures */,
				5F4DFC7C29416A4C00873D07 /* PokeAPIService.swift */,
			);
			name = REST;
			sourceTree = "<group>";
		};
		5F4DFC7E29416BB800873D07 /* Data Structures */ = {
			isa = PBXGroup;
			children = (
				5F4DFC7F29416BD200873D07 /* PokemonTypeGenerationAPIModel.swift */,
				5F417A6F2942EE2100E7E211 /* GenerationDetailsAPIModel.swift */,
				5F63307A2943A58600C3269A /* NetworkError.swift */,
			);
			name = "Data Structures";
			sourceTree = "<group>";
		};
		5F6373D82941A17E0062E6B0 /* Xibs */ = {
			isa = PBXGroup;
			children = (
				5F4DFC77294165DA00873D07 /* PokemonCell.xib */,
				5F6373D52941A10E0062E6B0 /* LoadingDataCell.xib */,
				5F6330862944574800C3269A /* GenHeaderView.xib */,
				5F456F7C2948347B0038D180 /* PokemonEvolutionCell.xib */,
			);
			name = Xibs;
			sourceTree = "<group>";
		};
		5F6373D92941A18B0062E6B0 /* Code */ = {
			isa = PBXGroup;
			children = (
				5F456F7B2948347B0038D180 /* PokemonEvolutionCell.swift */,
				5F6330842944573800C3269A /* GenHeaderView.swift */,
				5F4DFC76294165DA00873D07 /* PokemonCell.swift */,
				5F6373D42941A10E0062E6B0 /* LoadingDataCell.swift */,
			);
			name = Code;
			sourceTree = "<group>";
		};
		5F6F47A629403859007874FA /* Data Structures */ = {
			isa = PBXGroup;
			children = (
				5F1A2789293FC07100A18CA0 /* PokemonAPIModel.swift */,
				5F6F47A729403881007874FA /* EvolutionAPIModel.swift */,
				5F6F47A9294038E7007874FA /* PokemonInfoAPIModel.swift */,
				5F6330782943A1D700C3269A /* DataStatus.swift */,
			);
			name = "Data Structures";
			sourceTree = "<group>";
		};
		5F6F47AB29404043007874FA /* Local Storage */ = {
			isa = PBXGroup;
			children = (
				5F6F47AC29404092007874FA /* StoredPokemon.xcdatamodeld */,
				5F4DFC6D2941411700873D07 /* StoredPokemonRepository.swift */,
				5FA486AF294844C100A191B2 /* PokemonColor.swift */,
			);
			name = "Local Storage";
			sourceTree = "<group>";
		};
		5F7E458B293BEFBF006D6501 = {
			isa = PBXGroup;
			children = (
				5F7E4596293BEFBF006D6501 /* PokeApp */,
				5F7E4595293BEFBF006D6501 /* Products */,
				5F1A2785293FBC7500A18CA0 /* Frameworks */,
			);
			sourceTree = "<group>";
		};
		5F7E4595293BEFBF006D6501 /* Products */ = {
			isa = PBXGroup;
			children = (
				5F7E4594293BEFBF006D6501 /* PokeApp.app */,
			);
			name = Products;
			sourceTree = "<group>";
		};
		5F7E4596293BEFBF006D6501 /* PokeApp */ = {
			isa = PBXGroup;
			children = (
				5F1A2788293FBFED00A18CA0 /* App */,
				5F4DFC7A29416A2500873D07 /* Services */,
				5F7E4597293BEFBF006D6501 /* AppDelegate.swift */,
				5F7E4599293BEFBF006D6501 /* SceneDelegate.swift */,
				5F7E45A0293BEFC0006D6501 /* Assets.xcassets */,
				5FA486AD294842AE00A191B2 /* Color.xcassets */,
				5F7E45A2293BEFC0006D6501 /* LaunchScreen.storyboard */,
				5F7E45A5293BEFC0006D6501 /* Info.plist */,
			);
			path = PokeApp;
			sourceTree = "<group>";
		};
		5FB6ED4729450BD100211D95 /* Utilities */ = {
			isa = PBXGroup;
			children = (
				5FB6ED5A2945518E00211D95 /* UIViewControllerExtensions.swift */,
				5FB6ED5C2945587E00211D95 /* NetworkManager.swift */,
				5FB8FBC62947B6C100CAA2F5 /* MainStoryboardInstance.swift */,
			);
			name = Utilities;
			sourceTree = "<group>";
		};
		5FF2150B293F238A003DF11E /* GraphQL */ = {
			isa = PBXGroup;
			children = (
				5F6F47A229400822007874FA /* PokemonAPI */,
				5FF21504293F182D003DF11E /* GetAllPokemon.graphql */,
				5FF21502293F17CD003DF11E /* schema.graphqls */,
				5F1A277F293FA9B800A18CA0 /* ApolloNetworkHelper.swift */,
			);
			name = GraphQL;
			sourceTree = "<group>";
		};
/* End PBXGroup section */

/* Begin PBXNativeTarget section */
		5F7E4593293BEFBF006D6501 /* PokeApp */ = {
			isa = PBXNativeTarget;
			buildConfigurationList = 5F7E45A8293BEFC0006D6501 /* Build configuration list for PBXNativeTarget "PokeApp" */;
			buildPhases = (
				5F7E4590293BEFBF006D6501 /* Sources */,
				5F7E4591293BEFBF006D6501 /* Frameworks */,
				5F7E4592293BEFBF006D6501 /* Resources */,
				5FB6ED5229453B3B00211D95 /* Embed Frameworks */,
			);
			buildRules = (
			);
			dependencies = (
				5F1A2784293FB95100A18CA0 /* PBXTargetDependency */,
			);
			name = PokeApp;
			packageProductDependencies = (
				5FDD8F7D293E974200FDD18A /* Apollo */,
				5FDD8F7F293E974200FDD18A /* ApolloAPI */,
				5F6F47A4294037D1007874FA /* PokemonAPI */,
				5FB6ED552945429E00211D95 /* Reachability */,
				5FB6ED582945512B00211D95 /* Toast */,
				5F6C874D2948C7FA0077F832 /* SwiftyGif */,
				5F6C87502948F5F80077F832 /* SwiftyGif-Dynamic */,
			);
			productName = PokeApp;
			productReference = 5F7E4594293BEFBF006D6501 /* PokeApp.app */;
			productType = "com.apple.product-type.application";
		};
/* End PBXNativeTarget section */

/* Begin PBXProject section */
		5F7E458C293BEFBF006D6501 /* Project object */ = {
			isa = PBXProject;
			attributes = {
				BuildIndependentTargetsInParallel = 1;
				LastSwiftUpdateCheck = 1410;
				LastUpgradeCheck = 1410;
				TargetAttributes = {
					5F7E4593293BEFBF006D6501 = {
						CreatedOnToolsVersion = 14.1;
					};
				};
			};
			buildConfigurationList = 5F7E458F293BEFBF006D6501 /* Build configuration list for PBXProject "PokeApp" */;
			compatibilityVersion = "Xcode 14.0";
			developmentRegion = en;
			hasScannedForEncodings = 0;
			knownRegions = (
				en,
				Base,
			);
			mainGroup = 5F7E458B293BEFBF006D6501;
			packageReferences = (
				5FDD8F7C293E974200FDD18A /* XCRemoteSwiftPackageReference "apollo-ios" */,
				5FB6ED542945429E00211D95 /* XCRemoteSwiftPackageReference "Reachability" */,
				5FB6ED572945512B00211D95 /* XCRemoteSwiftPackageReference "Toast-Swift" */,
				5F6C874C2948C7FA0077F832 /* XCRemoteSwiftPackageReference "SwiftyGif" */,
			);
			productRefGroup = 5F7E4595293BEFBF006D6501 /* Products */;
			projectDirPath = "";
			projectRoot = "";
			targets = (
				5F7E4593293BEFBF006D6501 /* PokeApp */,
			);
		};
/* End PBXProject section */

/* Begin PBXResourcesBuildPhase section */
		5F7E4592293BEFBF006D6501 /* Resources */ = {
			isa = PBXResourcesBuildPhase;
			buildActionMask = 2147483647;
			files = (
				5F6330872944574800C3269A /* GenHeaderView.xib in Resources */,
				5FF21503293F17CD003DF11E /* schema.graphqls in Resources */,
				5F7E45A4293BEFC0006D6501 /* LaunchScreen.storyboard in Resources */,
				5F4DFC79294165DA00873D07 /* PokemonCell.xib in Resources */,
				5F7E45A1293BEFC0006D6501 /* Assets.xcassets in Resources */,
				5FA486AE294842AE00A191B2 /* Color.xcassets in Resources */,
				5F6373D72941A10E0062E6B0 /* LoadingDataCell.xib in Resources */,
				5F6F47A329400822007874FA /* PokemonAPI in Resources */,
				5F456F7E2948347B0038D180 /* PokemonEvolutionCell.xib in Resources */,
				5FF21505293F182D003DF11E /* GetAllPokemon.graphql in Resources */,
				5F7E459F293BEFBF006D6501 /* Main.storyboard in Resources */,
			);
			runOnlyForDeploymentPostprocessing = 0;
		};
/* End PBXResourcesBuildPhase section */

/* Begin PBXSourcesBuildPhase section */
		5F7E4590293BEFBF006D6501 /* Sources */ = {
			isa = PBXSourcesBuildPhase;
			buildActionMask = 2147483647;
			files = (
				5F63307B2943A58600C3269A /* NetworkError.swift in Sources */,
				5F456F7D2948347B0038D180 /* PokemonEvolutionCell.swift in Sources */,
				5F7E459C293BEFBF006D6501 /* PokemonSearchVC.swift in Sources */,
				5FB8FBC52947B54900CAA2F5 /* PokemonDetailsVC.swift in Sources */,
				5F1A278A293FC07100A18CA0 /* PokemonAPIModel.swift in Sources */,
				5F6373D62941A10E0062E6B0 /* LoadingDataCell.swift in Sources */,
				5F4DFC8029416BD200873D07 /* PokemonTypeGenerationAPIModel.swift in Sources */,
				5FB8FBC72947B6C100CAA2F5 /* MainStoryboardInstance.swift in Sources */,
				5F4DFC78294165DA00873D07 /* PokemonCell.swift in Sources */,
				5F1A2782293FB3E500A18CA0 /* PokemonViewModel.swift in Sources */,
				5FB6ED5B2945518E00211D95 /* UIViewControllerExtensions.swift in Sources */,
				5F6F47A829403881007874FA /* EvolutionAPIModel.swift in Sources */,
				5F4DFC7D29416A4C00873D07 /* PokeAPIService.swift in Sources */,
				5FA486B0294844C100A191B2 /* PokemonColor.swift in Sources */,
				5F1A2780293FA9B800A18CA0 /* ApolloNetworkHelper.swift in Sources */,
				5F6330792943A1D700C3269A /* DataStatus.swift in Sources */,
				5FB6ED5D2945587E00211D95 /* NetworkManager.swift in Sources */,
				5F7E4598293BEFBF006D6501 /* AppDelegate.swift in Sources */,
				5F6F47AA294038E7007874FA /* PokemonInfoAPIModel.swift in Sources */,
				5F6F47AE29404092007874FA /* StoredPokemon.xcdatamodeld in Sources */,
				5F6330852944573800C3269A /* GenHeaderView.swift in Sources */,
				5F417A702942EE2200E7E211 /* GenerationDetailsAPIModel.swift in Sources */,
				5F4DFC6E2941411700873D07 /* StoredPokemonRepository.swift in Sources */,
				5F7E459A293BEFBF006D6501 /* SceneDelegate.swift in Sources */,
			);
			runOnlyForDeploymentPostprocessing = 0;
		};
/* End PBXSourcesBuildPhase section */

/* Begin PBXTargetDependency section */
		5F1A2784293FB95100A18CA0 /* PBXTargetDependency */ = {
			isa = PBXTargetDependency;
			productRef = 5F1A2783293FB95100A18CA0 /* PokemonAPI */;
		};
/* End PBXTargetDependency section */

/* Begin PBXVariantGroup section */
		5F7E459D293BEFBF006D6501 /* Main.storyboard */ = {
			isa = PBXVariantGroup;
			children = (
				5F7E459E293BEFBF006D6501 /* Base */,
			);
			name = Main.storyboard;
			sourceTree = "<group>";
		};
		5F7E45A2293BEFC0006D6501 /* LaunchScreen.storyboard */ = {
			isa = PBXVariantGroup;
			children = (
				5F7E45A3293BEFC0006D6501 /* Base */,
			);
			name = LaunchScreen.storyboard;
			sourceTree = "<group>";
		};
/* End PBXVariantGroup section */

/* Begin XCBuildConfiguration section */
		5F7E45A6293BEFC0006D6501 /* Debug */ = {
			isa = XCBuildConfiguration;
			buildSettings = {
				ALWAYS_SEARCH_USER_PATHS = NO;
				CLANG_ANALYZER_NONNULL = YES;
				CLANG_ANALYZER_NUMBER_OBJECT_CONVERSION = YES_AGGRESSIVE;
				CLANG_CXX_LANGUAGE_STANDARD = "gnu++20";
				CLANG_ENABLE_MODULES = YES;
				CLANG_ENABLE_OBJC_ARC = YES;
				CLANG_ENABLE_OBJC_WEAK = YES;
				CLANG_WARN_BLOCK_CAPTURE_AUTORELEASING = YES;
				CLANG_WARN_BOOL_CONVERSION = YES;
				CLANG_WARN_COMMA = YES;
				CLANG_WARN_CONSTANT_CONVERSION = YES;
				CLANG_WARN_DEPRECATED_OBJC_IMPLEMENTATIONS = YES;
				CLANG_WARN_DIRECT_OBJC_ISA_USAGE = YES_ERROR;
				CLANG_WARN_DOCUMENTATION_COMMENTS = YES;
				CLANG_WARN_EMPTY_BODY = YES;
				CLANG_WARN_ENUM_CONVERSION = YES;
				CLANG_WARN_INFINITE_RECURSION = YES;
				CLANG_WARN_INT_CONVERSION = YES;
				CLANG_WARN_NON_LITERAL_NULL_CONVERSION = YES;
				CLANG_WARN_OBJC_IMPLICIT_RETAIN_SELF = YES;
				CLANG_WARN_OBJC_LITERAL_CONVERSION = YES;
				CLANG_WARN_OBJC_ROOT_CLASS = YES_ERROR;
				CLANG_WARN_QUOTED_INCLUDE_IN_FRAMEWORK_HEADER = YES;
				CLANG_WARN_RANGE_LOOP_ANALYSIS = YES;
				CLANG_WARN_STRICT_PROTOTYPES = YES;
				CLANG_WARN_SUSPICIOUS_MOVE = YES;
				CLANG_WARN_UNGUARDED_AVAILABILITY = YES_AGGRESSIVE;
				CLANG_WARN_UNREACHABLE_CODE = YES;
				CLANG_WARN__DUPLICATE_METHOD_MATCH = YES;
				COPY_PHASE_STRIP = NO;
				DEBUG_INFORMATION_FORMAT = dwarf;
				ENABLE_STRICT_OBJC_MSGSEND = YES;
				ENABLE_TESTABILITY = YES;
				GCC_C_LANGUAGE_STANDARD = gnu11;
				GCC_DYNAMIC_NO_PIC = NO;
				GCC_NO_COMMON_BLOCKS = YES;
				GCC_OPTIMIZATION_LEVEL = 0;
				GCC_PREPROCESSOR_DEFINITIONS = (
					"DEBUG=1",
					"$(inherited)",
				);
				GCC_WARN_64_TO_32_BIT_CONVERSION = YES;
				GCC_WARN_ABOUT_RETURN_TYPE = YES_ERROR;
				GCC_WARN_UNDECLARED_SELECTOR = YES;
				GCC_WARN_UNINITIALIZED_AUTOS = YES_AGGRESSIVE;
				GCC_WARN_UNUSED_FUNCTION = YES;
				GCC_WARN_UNUSED_VARIABLE = YES;
				IPHONEOS_DEPLOYMENT_TARGET = 13.0;
				MTL_ENABLE_DEBUG_INFO = INCLUDE_SOURCE;
				MTL_FAST_MATH = YES;
				ONLY_ACTIVE_ARCH = YES;
				SDKROOT = iphoneos;
				SWIFT_ACTIVE_COMPILATION_CONDITIONS = DEBUG;
				SWIFT_OPTIMIZATION_LEVEL = "-Onone";
			};
			name = Debug;
		};
		5F7E45A7293BEFC0006D6501 /* Release */ = {
			isa = XCBuildConfiguration;
			buildSettings = {
				ALWAYS_SEARCH_USER_PATHS = NO;
				CLANG_ANALYZER_NONNULL = YES;
				CLANG_ANALYZER_NUMBER_OBJECT_CONVERSION = YES_AGGRESSIVE;
				CLANG_CXX_LANGUAGE_STANDARD = "gnu++20";
				CLANG_ENABLE_MODULES = YES;
				CLANG_ENABLE_OBJC_ARC = YES;
				CLANG_ENABLE_OBJC_WEAK = YES;
				CLANG_WARN_BLOCK_CAPTURE_AUTORELEASING = YES;
				CLANG_WARN_BOOL_CONVERSION = YES;
				CLANG_WARN_COMMA = YES;
				CLANG_WARN_CONSTANT_CONVERSION = YES;
				CLANG_WARN_DEPRECATED_OBJC_IMPLEMENTATIONS = YES;
				CLANG_WARN_DIRECT_OBJC_ISA_USAGE = YES_ERROR;
				CLANG_WARN_DOCUMENTATION_COMMENTS = YES;
				CLANG_WARN_EMPTY_BODY = YES;
				CLANG_WARN_ENUM_CONVERSION = YES;
				CLANG_WARN_INFINITE_RECURSION = YES;
				CLANG_WARN_INT_CONVERSION = YES;
				CLANG_WARN_NON_LITERAL_NULL_CONVERSION = YES;
				CLANG_WARN_OBJC_IMPLICIT_RETAIN_SELF = YES;
				CLANG_WARN_OBJC_LITERAL_CONVERSION = YES;
				CLANG_WARN_OBJC_ROOT_CLASS = YES_ERROR;
				CLANG_WARN_QUOTED_INCLUDE_IN_FRAMEWORK_HEADER = YES;
				CLANG_WARN_RANGE_LOOP_ANALYSIS = YES;
				CLANG_WARN_STRICT_PROTOTYPES = YES;
				CLANG_WARN_SUSPICIOUS_MOVE = YES;
				CLANG_WARN_UNGUARDED_AVAILABILITY = YES_AGGRESSIVE;
				CLANG_WARN_UNREACHABLE_CODE = YES;
				CLANG_WARN__DUPLICATE_METHOD_MATCH = YES;
				COPY_PHASE_STRIP = NO;
				DEBUG_INFORMATION_FORMAT = "dwarf-with-dsym";
				ENABLE_NS_ASSERTIONS = NO;
				ENABLE_STRICT_OBJC_MSGSEND = YES;
				GCC_C_LANGUAGE_STANDARD = gnu11;
				GCC_NO_COMMON_BLOCKS = YES;
				GCC_WARN_64_TO_32_BIT_CONVERSION = YES;
				GCC_WARN_ABOUT_RETURN_TYPE = YES_ERROR;
				GCC_WARN_UNDECLARED_SELECTOR = YES;
				GCC_WARN_UNINITIALIZED_AUTOS = YES_AGGRESSIVE;
				GCC_WARN_UNUSED_FUNCTION = YES;
				GCC_WARN_UNUSED_VARIABLE = YES;
				IPHONEOS_DEPLOYMENT_TARGET = 13.0;
				MTL_ENABLE_DEBUG_INFO = NO;
				MTL_FAST_MATH = YES;
				SDKROOT = iphoneos;
				SWIFT_COMPILATION_MODE = wholemodule;
				SWIFT_OPTIMIZATION_LEVEL = "-O";
				VALIDATE_PRODUCT = YES;
			};
			name = Release;
		};
		5F7E45A9293BEFC0006D6501 /* Debug */ = {
			isa = XCBuildConfiguration;
			buildSettings = {
				ASSETCATALOG_COMPILER_APPICON_NAME = AppIcon;
				ASSETCATALOG_COMPILER_GLOBAL_ACCENT_COLOR_NAME = AccentColor;
				CODE_SIGN_STYLE = Automatic;
				CURRENT_PROJECT_VERSION = 1;
				DEVELOPMENT_TEAM = V69U4L3YHJ;
				GENERATE_INFOPLIST_FILE = YES;
				INFOPLIST_FILE = PokeApp/Info.plist;
				INFOPLIST_KEY_UIApplicationSupportsIndirectInputEvents = YES;
				INFOPLIST_KEY_UILaunchStoryboardName = LaunchScreen;
				INFOPLIST_KEY_UIMainStoryboardFile = Main;
				INFOPLIST_KEY_UISupportedInterfaceOrientations_iPad = "UIInterfaceOrientationPortrait UIInterfaceOrientationPortraitUpsideDown UIInterfaceOrientationLandscapeLeft UIInterfaceOrientationLandscapeRight";
				INFOPLIST_KEY_UISupportedInterfaceOrientations_iPhone = "UIInterfaceOrientationPortrait UIInterfaceOrientationLandscapeLeft UIInterfaceOrientationLandscapeRight";
				LD_RUNPATH_SEARCH_PATHS = (
					"$(inherited)",
					"@executable_path/Frameworks",
				);
				MARKETING_VERSION = 1.0;
				PRODUCT_BUNDLE_IDENTIFIER = ese.PokeApp;
				PRODUCT_NAME = "$(TARGET_NAME)";
				SWIFT_EMIT_LOC_STRINGS = YES;
				SWIFT_VERSION = 5.0;
				TARGETED_DEVICE_FAMILY = "1,2";
			};
			name = Debug;
		};
		5F7E45AA293BEFC0006D6501 /* Release */ = {
			isa = XCBuildConfiguration;
			buildSettings = {
				ASSETCATALOG_COMPILER_APPICON_NAME = AppIcon;
				ASSETCATALOG_COMPILER_GLOBAL_ACCENT_COLOR_NAME = AccentColor;
				CODE_SIGN_STYLE = Automatic;
				CURRENT_PROJECT_VERSION = 1;
				DEVELOPMENT_TEAM = V69U4L3YHJ;
				GENERATE_INFOPLIST_FILE = YES;
				INFOPLIST_FILE = PokeApp/Info.plist;
				INFOPLIST_KEY_UIApplicationSupportsIndirectInputEvents = YES;
				INFOPLIST_KEY_UILaunchStoryboardName = LaunchScreen;
				INFOPLIST_KEY_UIMainStoryboardFile = Main;
				INFOPLIST_KEY_UISupportedInterfaceOrientations_iPad = "UIInterfaceOrientationPortrait UIInterfaceOrientationPortraitUpsideDown UIInterfaceOrientationLandscapeLeft UIInterfaceOrientationLandscapeRight";
				INFOPLIST_KEY_UISupportedInterfaceOrientations_iPhone = "UIInterfaceOrientationPortrait UIInterfaceOrientationLandscapeLeft UIInterfaceOrientationLandscapeRight";
				LD_RUNPATH_SEARCH_PATHS = (
					"$(inherited)",
					"@executable_path/Frameworks",
				);
				MARKETING_VERSION = 1.0;
				PRODUCT_BUNDLE_IDENTIFIER = ese.PokeApp;
				PRODUCT_NAME = "$(TARGET_NAME)";
				SWIFT_EMIT_LOC_STRINGS = YES;
				SWIFT_VERSION = 5.0;
				TARGETED_DEVICE_FAMILY = "1,2";
			};
			name = Release;
		};
/* End XCBuildConfiguration section */

/* Begin XCConfigurationList section */
		5F7E458F293BEFBF006D6501 /* Build configuration list for PBXProject "PokeApp" */ = {
			isa = XCConfigurationList;
			buildConfigurations = (
				5F7E45A6293BEFC0006D6501 /* Debug */,
				5F7E45A7293BEFC0006D6501 /* Release */,
			);
			defaultConfigurationIsVisible = 0;
			defaultConfigurationName = Release;
		};
		5F7E45A8293BEFC0006D6501 /* Build configuration list for PBXNativeTarget "PokeApp" */ = {
			isa = XCConfigurationList;
			buildConfigurations = (
				5F7E45A9293BEFC0006D6501 /* Debug */,
				5F7E45AA293BEFC0006D6501 /* Release */,
			);
			defaultConfigurationIsVisible = 0;
			defaultConfigurationName = Release;
		};
/* End XCConfigurationList section */

/* Begin XCRemoteSwiftPackageReference section */
		5F6C874C2948C7FA0077F832 /* XCRemoteSwiftPackageReference "SwiftyGif" */ = {
			isa = XCRemoteSwiftPackageReference;
			repositoryURL = "https://github.com/kirualex/SwiftyGif.git";
			requirement = {
				branch = master;
				kind = branch;
			};
		};
		5FB6ED4D29453A0500211D95 /* XCRemoteSwiftPackageReference "SwiftyGif" */ = {
			isa = XCRemoteSwiftPackageReference;
			repositoryURL = "https://github.com/kirualex/SwiftyGif.git";
			requirement = {
				kind = upToNextMajorVersion;
				minimumVersion = 5.0.0;
			};
		};
		5FB6ED542945429E00211D95 /* XCRemoteSwiftPackageReference "Reachability" */ = {
			isa = XCRemoteSwiftPackageReference;
			repositoryURL = "https://github.com/ashleymills/Reachability.swift";
			requirement = {
				branch = master;
				kind = branch;
			};
		};
		5FB6ED572945512B00211D95 /* XCRemoteSwiftPackageReference "Toast-Swift" */ = {
			isa = XCRemoteSwiftPackageReference;
			repositoryURL = "https://github.com/scalessec/Toast-Swift";
			requirement = {
				kind = upToNextMajorVersion;
				minimumVersion = 5.0.0;
			};
		};
		5FDD8F7C293E974200FDD18A /* XCRemoteSwiftPackageReference "apollo-ios" */ = {
			isa = XCRemoteSwiftPackageReference;
			repositoryURL = "https://github.com/apollographql/apollo-ios.git";
			requirement = {
				kind = upToNextMajorVersion;
				minimumVersion = 1.0.0;
			};
		};
/* End XCRemoteSwiftPackageReference section */

/* Begin XCSwiftPackageProductDependency section */
		5F1A2783293FB95100A18CA0 /* PokemonAPI */ = {
			isa = XCSwiftPackageProductDependency;
			productName = PokemonAPI;
		};
		5F6C874D2948C7FA0077F832 /* SwiftyGif */ = {
			isa = XCSwiftPackageProductDependency;
			package = 5F6C874C2948C7FA0077F832 /* XCRemoteSwiftPackageReference "SwiftyGif" */;
			productName = SwiftyGif;
		};
		5F6C87502948F5F80077F832 /* SwiftyGif-Dynamic */ = {
			isa = XCSwiftPackageProductDependency;
			package = 5F6C874C2948C7FA0077F832 /* XCRemoteSwiftPackageReference "SwiftyGif" */;
			productName = "SwiftyGif-Dynamic";
		};
		5F6F47A4294037D1007874FA /* PokemonAPI */ = {
			isa = XCSwiftPackageProductDependency;
			productName = PokemonAPI;
		};
		5FB6ED5029453B3B00211D95 /* SwiftyGif-Dynamic */ = {
			isa = XCSwiftPackageProductDependency;
			package = 5FB6ED4D29453A0500211D95 /* XCRemoteSwiftPackageReference "SwiftyGif" */;
			productName = "SwiftyGif-Dynamic";
		};
		5FB6ED552945429E00211D95 /* Reachability */ = {
			isa = XCSwiftPackageProductDependency;
			package = 5FB6ED542945429E00211D95 /* XCRemoteSwiftPackageReference "Reachability" */;
			productName = Reachability;
		};
		5FB6ED582945512B00211D95 /* Toast */ = {
			isa = XCSwiftPackageProductDependency;
			package = 5FB6ED572945512B00211D95 /* XCRemoteSwiftPackageReference "Toast-Swift" */;
			productName = Toast;
		};
		5FDD8F7D293E974200FDD18A /* Apollo */ = {
			isa = XCSwiftPackageProductDependency;
			package = 5FDD8F7C293E974200FDD18A /* XCRemoteSwiftPackageReference "apollo-ios" */;
			productName = Apollo;
		};
		5FDD8F7F293E974200FDD18A /* ApolloAPI */ = {
			isa = XCSwiftPackageProductDependency;
			package = 5FDD8F7C293E974200FDD18A /* XCRemoteSwiftPackageReference "apollo-ios" */;
			productName = ApolloAPI;
		};
/* End XCSwiftPackageProductDependency section */

/* Begin XCVersionGroup section */
		5F6F47AC29404092007874FA /* StoredPokemon.xcdatamodeld */ = {
			isa = XCVersionGroup;
			children = (
				5F6F47AD29404092007874FA /* StoredPokemon.xcdatamodel */,
			);
			currentVersion = 5F6F47AD29404092007874FA /* StoredPokemon.xcdatamodel */;
			path = StoredPokemon.xcdatamodeld;
			sourceTree = "<group>";
			versionGroupType = wrapper.xcdatamodel;
		};
/* End XCVersionGroup section */
	};
	rootObject = 5F7E458C293BEFBF006D6501 /* Project object */;
}
